# This file was autogenerated by Stack.
# You should not edit this file by hand.
# For more information, please see the documentation at:
#   https://docs.haskellstack.org/en/stable/lock_files

packages:
- completed:
    commit: 56792bc7d77fc0016d7c0179b50f06ce158defaf
    git: https://github.com/state-machine-io/mbtiles.git
    name: mbtiles
    pantry-tree:
      sha256: 4ec926a20c9d61f2872d0f4a5cbc11cb2f68354b3b9d986cd90908e1cf7db0d9
      size: 1092
    version: 0.6.0.0
  original:
    commit: 56792bc7d77fc0016d7c0179b50f06ce158defaf
    git: https://github.com/state-machine-io/mbtiles.git
snapshots:
- completed:
    sha256: e2c529ccfb21501f98f639e056cbde50470b86256d9849d7a82d414ca23e4276
    size: 712898
    url: https://raw.githubusercontent.com/commercialhaskell/stackage-snapshots/master/lts/22/12.yaml
  original: lts-22.12
